
Microsoft Visual Studio Solution File, Format Version 12.00
# Visual Studio Version 17
VisualStudioVersion = 17.9.34616.47
MinimumVisualStudioVersion = 10.0.40219.1
Project("{FAE04EC0-301F-11D3-BF4B-00C04F79EFBC}") = "WebApp", "WebApp\WebApp.csproj", "{E139AFF4-FD19-4E1F-8A07-AE21F1B19DD7}"
EndProject
Project("{FAE04EC0-301F-11D3-BF4B-00C04F79EFBC}") = "ComponentsLibrary", "ComponentsLibrary\ComponentsLibrary.csproj", "{C3A305FF-053D-42F8-AB0B-AF1236107BBF}"
EndProject
Project("{FAE04EC0-301F-11D3-BF4B-00C04F79EFBC}") = "DesktopApp", "DesktopApp\DesktopApp.csproj", "{06B5207C-5747-443F-A92B-C53BA850CD24}"
EndProject
Global
	GlobalSection(SolutionConfigurationPlatforms) = preSolution
		Debug|Any CPU = Debug|Any CPU
		Release|Any CPU = Release|Any CPU
	EndGlobalSection
	GlobalSection(ProjectConfigurationPlatforms) = postSolution
		{E139AFF4-FD19-4E1F-8A07-AE21F1B19DD7}.Debug|Any CPU.ActiveCfg = Debug|Any CPU
		{E139AFF4-FD19-4E1F-8A07-AE21F1B19DD7}.Debug|Any CPU.Build.0 = Debug|Any CPU
		{E139AFF4-FD19-4E1F-8A07-AE21F1B19DD7}.Release|Any CPU.ActiveCfg = Release|Any CPU
		{E139AFF4-FD19-4E1F-8A07-AE21F1B19DD7}.Release|Any CPU.Build.0 = Release|Any CPU
		{C3A305FF-053D-42F8-AB0B-AF1236107BBF}.Debug|Any CPU.ActiveCfg = Debug|Any CPU
		{C3A305FF-053D-42F8-AB0B-AF1236107BBF}.Debug|Any CPU.Build.0 = Debug|Any CPU
		{C3A305FF-053D-42F8-AB0B-AF1236107BBF}.Release|Any CPU.ActiveCfg = Release|Any CPU
		{C3A305FF-053D-42F8-AB0B-AF1236107BBF}.Release|Any CPU.Build.0 = Release|Any CPU
		{06B5207C-5747-443F-A92B-C53BA850CD24}.Debug|Any CPU.ActiveCfg = Debug|Any CPU
		{06B5207C-5747-443F-A92B-C53BA850CD24}.Debug|Any CPU.Build.0 = Debug|Any CPU
		{06B5207C-5747-443F-A92B-C53BA850CD24}.Release|Any CPU.ActiveCfg = Release|Any CPU
		{06B5207C-5747-443F-A92B-C53BA850CD24}.Release|Any CPU.Build.0 = Release|Any CPU
	EndGlobalSection
	GlobalSection(SolutionProperties) = preSolution
		HideSolutionNode = FALSE
	EndGlobalSection
	GlobalSection(ExtensibilityGlobals) = postSolution
		SolutionGuid = {FA109348-7BBC-4C88-9C4F-11669EABEB03}
	EndGlobalSection
EndGlobal
